// !$*UTF8*$!
{
	archiveVersion = 1;
	classes = {
	};
	objectVersion = 56;
	objects = {

/* Begin PBXBuildFile section */
		931FF4CE2AE08C8B00540A4C /* AppDelegate.swift in Sources */ = {isa = PBXBuildFile; fileRef = 931FF4CD2AE08C8B00540A4C /* AppDelegate.swift */; };
		931FF4D02AE08C8B00540A4C /* Document.swift in Sources */ = {isa = PBXBuildFile; fileRef = 931FF4CF2AE08C8B00540A4C /* Document.swift */; };
		931FF4D32AE08C8B00540A4C /* Document.xib in Resources */ = {isa = PBXBuildFile; fileRef = 931FF4D12AE08C8B00540A4C /* Document.xib */; };
		931FF4D52AE08C8D00540A4C /* Assets.xcassets in Resources */ = {isa = PBXBuildFile; fileRef = 931FF4D42AE08C8D00540A4C /* Assets.xcassets */; };
		931FF4D82AE08C8D00540A4C /* MainMenu.xib in Resources */ = {isa = PBXBuildFile; fileRef = 931FF4D62AE08C8D00540A4C /* MainMenu.xib */; };
		931FF4E12AE0918100540A4C /* Chapter.swift in Sources */ = {isa = PBXBuildFile; fileRef = 931FF4E02AE0918100540A4C /* Chapter.swift */; };
		932340AD2AEEA6FA0046B0CF /* Prefs.xib in Resources */ = {isa = PBXBuildFile; fileRef = 932340AB2AEEA6FA0046B0CF /* Prefs.xib */; };
		932340AF2AEEA7400046B0CF /* PrefsController.swift in Sources */ = {isa = PBXBuildFile; fileRef = 932340AE2AEEA7400046B0CF /* PrefsController.swift */; };
/* End PBXBuildFile section */

/* Begin PBXFileReference section */
		931FF4CA2AE08C8A00540A4C /* KontinuaResourceEditor.app */ = {isa = PBXFileReference; explicitFileType = wrapper.application; includeInIndex = 0; path = KontinuaResourceEditor.app; sourceTree = BUILT_PRODUCTS_DIR; };
		931FF4CD2AE08C8B00540A4C /* AppDelegate.swift */ = {isa = PBXFileReference; lastKnownFileType = sourcecode.swift; path = AppDelegate.swift; sourceTree = "<group>"; };
		931FF4CF2AE08C8B00540A4C /* Document.swift */ = {isa = PBXFileReference; lastKnownFileType = sourcecode.swift; path = Document.swift; sourceTree = "<group>"; };
		931FF4D22AE08C8B00540A4C /* Base */ = {isa = PBXFileReference; lastKnownFileType = file.xib; name = Base; path = Base.lproj/Document.xib; sourceTree = "<group>"; };
		931FF4D42AE08C8D00540A4C /* Assets.xcassets */ = {isa = PBXFileReference; lastKnownFileType = folder.assetcatalog; path = Assets.xcassets; sourceTree = "<group>"; };
		931FF4D72AE08C8D00540A4C /* Base */ = {isa = PBXFileReference; lastKnownFileType = file.xib; name = Base; path = Base.lproj/MainMenu.xib; sourceTree = "<group>"; };
		931FF4D92AE08C8D00540A4C /* Info.plist */ = {isa = PBXFileReference; lastKnownFileType = text.plist.xml; path = Info.plist; sourceTree = "<group>"; };
		931FF4DA2AE08C8D00540A4C /* KontinuaResourceEditor.entitlements */ = {isa = PBXFileReference; lastKnownFileType = text.plist.entitlements; path = KontinuaResourceEditor.entitlements; sourceTree = "<group>"; };
		931FF4E02AE0918100540A4C /* Chapter.swift */ = {isa = PBXFileReference; lastKnownFileType = sourcecode.swift; path = Chapter.swift; sourceTree = "<group>"; };
		932340AC2AEEA6FA0046B0CF /* Base */ = {isa = PBXFileReference; lastKnownFileType = file.xib; name = Base; path = KontinuaResourceEditor/Base.lproj/Prefs.xib; sourceTree = "<group>"; };
		932340AE2AEEA7400046B0CF /* PrefsController.swift */ = {isa = PBXFileReference; lastKnownFileType = sourcecode.swift; path = PrefsController.swift; sourceTree = "<group>"; };
/* End PBXFileReference section */

/* Begin PBXFrameworksBuildPhase section */
		931FF4C72AE08C8A00540A4C /* Frameworks */ = {
			isa = PBXFrameworksBuildPhase;
			buildActionMask = 2147483647;
			files = (
			);
			runOnlyForDeploymentPostprocessing = 0;
		};
/* End PBXFrameworksBuildPhase section */

/* Begin PBXGroup section */
		931FF4C12AE08C8A00540A4C = {
			isa = PBXGroup;
			children = (
				931FF4CC2AE08C8A00540A4C /* KontinuaResourceEditor */,
				931FF4CB2AE08C8A00540A4C /* Products */,
			);
			sourceTree = "<group>";
		};
		931FF4CB2AE08C8A00540A4C /* Products */ = {
			isa = PBXGroup;
			children = (
				931FF4CA2AE08C8A00540A4C /* KontinuaResourceEditor.app */,
			);
			name = Products;
			sourceTree = "<group>";
		};
		931FF4CC2AE08C8A00540A4C /* KontinuaResourceEditor */ = {
			isa = PBXGroup;
			children = (
				931FF4D62AE08C8D00540A4C /* MainMenu.xib */,
				931FF4CD2AE08C8B00540A4C /* AppDelegate.swift */,
				931FF4D12AE08C8B00540A4C /* Document.xib */,
				931FF4CF2AE08C8B00540A4C /* Document.swift */,
				931FF4E02AE0918100540A4C /* Chapter.swift */,
				932340AB2AEEA6FA0046B0CF /* Prefs.xib */,
				932340AE2AEEA7400046B0CF /* PrefsController.swift */,
				931FF4D42AE08C8D00540A4C /* Assets.xcassets */,
				931FF4D92AE08C8D00540A4C /* Info.plist */,
				931FF4DA2AE08C8D00540A4C /* KontinuaResourceEditor.entitlements */,
			);
			path = KontinuaResourceEditor;
			sourceTree = "<group>";
		};
/* End PBXGroup section */

/* Begin PBXNativeTarget section */
		931FF4C92AE08C8A00540A4C /* KontinuaResourceEditor */ = {
			isa = PBXNativeTarget;
			buildConfigurationList = 931FF4DD2AE08C8D00540A4C /* Build configuration list for PBXNativeTarget "KontinuaResourceEditor" */;
			buildPhases = (
				931FF4C62AE08C8A00540A4C /* Sources */,
				931FF4C72AE08C8A00540A4C /* Frameworks */,
				931FF4C82AE08C8A00540A4C /* Resources */,
			);
			buildRules = (
			);
			dependencies = (
			);
			name = KontinuaResourceEditor;
			productName = KontinuaResourceEditor;
			productReference = 931FF4CA2AE08C8A00540A4C /* KontinuaResourceEditor.app */;
			productType = "com.apple.product-type.application";
		};
/* End PBXNativeTarget section */

/* Begin PBXProject section */
		931FF4C22AE08C8A00540A4C /* Project object */ = {
			isa = PBXProject;
			attributes = {
				BuildIndependentTargetsInParallel = 1;
				LastSwiftUpdateCheck = 1500;
				LastUpgradeCheck = 1500;
				TargetAttributes = {
					931FF4C92AE08C8A00540A4C = {
						CreatedOnToolsVersion = 15.0;
					};
				};
			};
			buildConfigurationList = 931FF4C52AE08C8A00540A4C /* Build configuration list for PBXProject "KontinuaResourceEditor" */;
			compatibilityVersion = "Xcode 14.0";
			developmentRegion = en;
			hasScannedForEncodings = 0;
			knownRegions = (
				en,
				Base,
			);
			mainGroup = 931FF4C12AE08C8A00540A4C;
			productRefGroup = 931FF4CB2AE08C8A00540A4C /* Products */;
			projectDirPath = "";
			projectRoot = "";
			targets = (
				931FF4C92AE08C8A00540A4C /* KontinuaResourceEditor */,
			);
		};
/* End PBXProject section */

/* Begin PBXResourcesBuildPhase section */
		931FF4C82AE08C8A00540A4C /* Resources */ = {
			isa = PBXResourcesBuildPhase;
			buildActionMask = 2147483647;
			files = (
				931FF4D52AE08C8D00540A4C /* Assets.xcassets in Resources */,
				931FF4D32AE08C8B00540A4C /* Document.xib in Resources */,
				932340AD2AEEA6FA0046B0CF /* Prefs.xib in Resources */,
				931FF4D82AE08C8D00540A4C /* MainMenu.xib in Resources */,
			);
			runOnlyForDeploymentPostprocessing = 0;
		};
/* End PBXResourcesBuildPhase section */

/* Begin PBXSourcesBuildPhase section */
		931FF4C62AE08C8A00540A4C /* Sources */ = {
			isa = PBXSourcesBuildPhase;
			buildActionMask = 2147483647;
			files = (
				932340AF2AEEA7400046B0CF /* PrefsController.swift in Sources */,
				931FF4E12AE0918100540A4C /* Chapter.swift in Sources */,
				931FF4D02AE08C8B00540A4C /* Document.swift in Sources */,
				931FF4CE2AE08C8B00540A4C /* AppDelegate.swift in Sources */,
			);
			runOnlyForDeploymentPostprocessing = 0;
		};
/* End PBXSourcesBuildPhase section */

/* Begin PBXVariantGroup section */
		931FF4D12AE08C8B00540A4C /* Document.xib */ = {
			isa = PBXVariantGroup;
			children = (
				931FF4D22AE08C8B00540A4C /* Base */,
			);
			name = Document.xib;
			sourceTree = "<group>";
		};
		931FF4D62AE08C8D00540A4C /* MainMenu.xib */ = {
			isa = PBXVariantGroup;
			children = (
				931FF4D72AE08C8D00540A4C /* Base */,
			);
			name = MainMenu.xib;
			sourceTree = "<group>";
		};
		932340AB2AEEA6FA0046B0CF /* Prefs.xib */ = {
			isa = PBXVariantGroup;
			children = (
				932340AC2AEEA6FA0046B0CF /* Base */,
			);
			name = Prefs.xib;
			sourceTree = "<group>";
		};
/* End PBXVariantGroup section */

/* Begin XCBuildConfiguration section */
		931FF4DB2AE08C8D00540A4C /* Debug */ = {
			isa = XCBuildConfiguration;
			buildSettings = {
				ALWAYS_SEARCH_USER_PATHS = NO;
				ASSETCATALOG_COMPILER_GENERATE_SWIFT_ASSET_SYMBOL_EXTENSIONS = YES;
				CLANG_ANALYZER_NONNULL = YES;
				CLANG_ANALYZER_NUMBER_OBJECT_CONVERSION = YES_AGGRESSIVE;
				CLANG_CXX_LANGUAGE_STANDARD = "gnu++20";
				CLANG_ENABLE_MODULES = YES;
				CLANG_ENABLE_OBJC_ARC = YES;
				CLANG_ENABLE_OBJC_WEAK = YES;
				CLANG_WARN_BLOCK_CAPTURE_AUTORELEASING = YES;
				CLANG_WARN_BOOL_CONVERSION = YES;
				CLANG_WARN_COMMA = YES;
				CLANG_WARN_CONSTANT_CONVERSION = YES;
				CLANG_WARN_DEPRECATED_OBJC_IMPLEMENTATIONS = YES;
				CLANG_WARN_DIRECT_OBJC_ISA_USAGE = YES_ERROR;
				CLANG_WARN_DOCUMENTATION_COMMENTS = YES;
				CLANG_WARN_EMPTY_BODY = YES;
				CLANG_WARN_ENUM_CONVERSION = YES;
				CLANG_WARN_INFINITE_RECURSION = YES;
				CLANG_WARN_INT_CONVERSION = YES;
				CLANG_WARN_NON_LITERAL_NULL_CONVERSION = YES;
				CLANG_WARN_OBJC_IMPLICIT_RETAIN_SELF = YES;
				CLANG_WARN_OBJC_LITERAL_CONVERSION = YES;
				CLANG_WARN_OBJC_ROOT_CLASS = YES_ERROR;
				CLANG_WARN_QUOTED_INCLUDE_IN_FRAMEWORK_HEADER = YES;
				CLANG_WARN_RANGE_LOOP_ANALYSIS = YES;
				CLANG_WARN_STRICT_PROTOTYPES = YES;
				CLANG_WARN_SUSPICIOUS_MOVE = YES;
				CLANG_WARN_UNGUARDED_AVAILABILITY = YES_AGGRESSIVE;
				CLANG_WARN_UNREACHABLE_CODE = YES;
				CLANG_WARN__DUPLICATE_METHOD_MATCH = YES;
				COPY_PHASE_STRIP = NO;
				DEBUG_INFORMATION_FORMAT = dwarf;
				ENABLE_STRICT_OBJC_MSGSEND = YES;
				ENABLE_TESTABILITY = YES;
				ENABLE_USER_SCRIPT_SANDBOXING = YES;
				GCC_C_LANGUAGE_STANDARD = gnu17;
				GCC_DYNAMIC_NO_PIC = NO;
				GCC_NO_COMMON_BLOCKS = YES;
				GCC_OPTIMIZATION_LEVEL = 0;
				GCC_PREPROCESSOR_DEFINITIONS = (
					"DEBUG=1",
					"$(inherited)",
				);
				GCC_WARN_64_TO_32_BIT_CONVERSION = YES;
				GCC_WARN_ABOUT_RETURN_TYPE = YES_ERROR;
				GCC_WARN_UNDECLARED_SELECTOR = YES;
				GCC_WARN_UNINITIALIZED_AUTOS = YES_AGGRESSIVE;
				GCC_WARN_UNUSED_FUNCTION = YES;
				GCC_WARN_UNUSED_VARIABLE = YES;
				LOCALIZATION_PREFERS_STRING_CATALOGS = YES;
				MACOSX_DEPLOYMENT_TARGET = 14.0;
				MTL_ENABLE_DEBUG_INFO = INCLUDE_SOURCE;
				MTL_FAST_MATH = YES;
				ONLY_ACTIVE_ARCH = YES;
				SDKROOT = macosx;
				SWIFT_ACTIVE_COMPILATION_CONDITIONS = "DEBUG $(inherited)";
				SWIFT_OPTIMIZATION_LEVEL = "-Onone";
			};
			name = Debug;
		};
		931FF4DC2AE08C8D00540A4C /* Release */ = {
			isa = XCBuildConfiguration;
			buildSettings = {
				ALWAYS_SEARCH_USER_PATHS = NO;
				ASSETCATALOG_COMPILER_GENERATE_SWIFT_ASSET_SYMBOL_EXTENSIONS = YES;
				CLANG_ANALYZER_NONNULL = YES;
				CLANG_ANALYZER_NUMBER_OBJECT_CONVERSION = YES_AGGRESSIVE;
				CLANG_CXX_LANGUAGE_STANDARD = "gnu++20";
				CLANG_ENABLE_MODULES = YES;
				CLANG_ENABLE_OBJC_ARC = YES;
				CLANG_ENABLE_OBJC_WEAK = YES;
				CLANG_WARN_BLOCK_CAPTURE_AUTORELEASING = YES;
				CLANG_WARN_BOOL_CONVERSION = YES;
				CLANG_WARN_COMMA = YES;
				CLANG_WARN_CONSTANT_CONVERSION = YES;
				CLANG_WARN_DEPRECATED_OBJC_IMPLEMENTATIONS = YES;
				CLANG_WARN_DIRECT_OBJC_ISA_USAGE = YES_ERROR;
				CLANG_WARN_DOCUMENTATION_COMMENTS = YES;
				CLANG_WARN_EMPTY_BODY = YES;
				CLANG_WARN_ENUM_CONVERSION = YES;
				CLANG_WARN_INFINITE_RECURSION = YES;
				CLANG_WARN_INT_CONVERSION = YES;
				CLANG_WARN_NON_LITERAL_NULL_CONVERSION = YES;
				CLANG_WARN_OBJC_IMPLICIT_RETAIN_SELF = YES;
				CLANG_WARN_OBJC_LITERAL_CONVERSION = YES;
				CLANG_WARN_OBJC_ROOT_CLASS = YES_ERROR;
				CLANG_WARN_QUOTED_INCLUDE_IN_FRAMEWORK_HEADER = YES;
				CLANG_WARN_RANGE_LOOP_ANALYSIS = YES;
				CLANG_WARN_STRICT_PROTOTYPES = YES;
				CLANG_WARN_SUSPICIOUS_MOVE = YES;
				CLANG_WARN_UNGUARDED_AVAILABILITY = YES_AGGRESSIVE;
				CLANG_WARN_UNREACHABLE_CODE = YES;
				CLANG_WARN__DUPLICATE_METHOD_MATCH = YES;
				COPY_PHASE_STRIP = NO;
				DEBUG_INFORMATION_FORMAT = "dwarf-with-dsym";
				ENABLE_NS_ASSERTIONS = NO;
				ENABLE_STRICT_OBJC_MSGSEND = YES;
				ENABLE_USER_SCRIPT_SANDBOXING = YES;
				GCC_C_LANGUAGE_STANDARD = gnu17;
				GCC_NO_COMMON_BLOCKS = YES;
				GCC_WARN_64_TO_32_BIT_CONVERSION = YES;
				GCC_WARN_ABOUT_RETURN_TYPE = YES_ERROR;
				GCC_WARN_UNDECLARED_SELECTOR = YES;
				GCC_WARN_UNINITIALIZED_AUTOS = YES_AGGRESSIVE;
				GCC_WARN_UNUSED_FUNCTION = YES;
				GCC_WARN_UNUSED_VARIABLE = YES;
				LOCALIZATION_PREFERS_STRING_CATALOGS = YES;
				MACOSX_DEPLOYMENT_TARGET = 14.0;
				MTL_ENABLE_DEBUG_INFO = NO;
				MTL_FAST_MATH = YES;
				SDKROOT = macosx;
				SWIFT_COMPILATION_MODE = wholemodule;
			};
			name = Release;
		};
		931FF4DE2AE08C8D00540A4C /* Debug */ = {
			isa = XCBuildConfiguration;
			buildSettings = {
				ASSETCATALOG_COMPILER_APPICON_NAME = AppIcon;
				ASSETCATALOG_COMPILER_GLOBAL_ACCENT_COLOR_NAME = AccentColor;
				CODE_SIGN_ENTITLEMENTS = KontinuaResourceEditor/KontinuaResourceEditor.entitlements;
				CODE_SIGN_STYLE = Automatic;
				COMBINE_HIDPI_IMAGES = YES;
				CURRENT_PROJECT_VERSION = 1;
				DEVELOPMENT_TEAM = BAV7BNW2MB;
				ENABLE_HARDENED_RUNTIME = NO;
				GENERATE_INFOPLIST_FILE = YES;
				INFOPLIST_FILE = KontinuaResourceEditor/Info.plist;
				INFOPLIST_KEY_NSHumanReadableCopyright = "";
				INFOPLIST_KEY_NSMainNibFile = MainMenu;
				INFOPLIST_KEY_NSPrincipalClass = NSApplication;
				LD_RUNPATH_SEARCH_PATHS = (
					"$(inherited)",
					"@executable_path/../Frameworks",
				);
				MARKETING_VERSION = 1.0;
				PRODUCT_BUNDLE_IDENTIFIER = us.hilleg.KontinuaResourceEditor;
				PRODUCT_NAME = "$(TARGET_NAME)";
				SWIFT_EMIT_LOC_STRINGS = YES;
				SWIFT_VERSION = 5.0;
			};
			name = Debug;
		};
		931FF4DF2AE08C8D00540A4C /* Release */ = {
			isa = XCBuildConfiguration;
			buildSettings = {
				ASSETCATALOG_COMPILER_APPICON_NAME = AppIcon;
				ASSETCATALOG_COMPILER_GLOBAL_ACCENT_COLOR_NAME = AccentColor;
				CODE_SIGN_ENTITLEMENTS = KontinuaResourceEditor/KontinuaResourceEditor.entitlements;
				CODE_SIGN_STYLE = Automatic;
				COMBINE_HIDPI_IMAGES = YES;
				CURRENT_PROJECT_VERSION = 1;
				DEVELOPMENT_TEAM = BAV7BNW2MB;
				ENABLE_HARDENED_RUNTIME = NO;
				GENERATE_INFOPLIST_FILE = YES;
				INFOPLIST_FILE = KontinuaResourceEditor/Info.plist;
				INFOPLIST_KEY_NSHumanReadableCopyright = "";
				INFOPLIST_KEY_NSMainNibFile = MainMenu;
				INFOPLIST_KEY_NSPrincipalClass = NSApplication;
				LD_RUNPATH_SEARCH_PATHS = (
					"$(inherited)",
					"@executable_path/../Frameworks",
				);
				MARKETING_VERSION = 1.0;
				PRODUCT_BUNDLE_IDENTIFIER = us.hilleg.KontinuaResourceEditor;
				PRODUCT_NAME = "$(TARGET_NAME)";
				SWIFT_EMIT_LOC_STRINGS = YES;
				SWIFT_VERSION = 5.0;
			};
			name = Release;
		};
/* End XCBuildConfiguration section */

/* Begin XCConfigurationList section */
		931FF4C52AE08C8A00540A4C /* Build configuration list for PBXProject "KontinuaResourceEditor" */ = {
			isa = XCConfigurationList;
			buildConfigurations = (
				931FF4DB2AE08C8D00540A4C /* Debug */,
				931FF4DC2AE08C8D00540A4C /* Release */,
			);
			defaultConfigurationIsVisible = 0;
			defaultConfigurationName = Release;
		};
		931FF4DD2AE08C8D00540A4C /* Build configuration list for PBXNativeTarget "KontinuaResourceEditor" */ = {
			isa = XCConfigurationList;
			buildConfigurations = (
				931FF4DE2AE08C8D00540A4C /* Debug */,
				931FF4DF2AE08C8D00540A4C /* Release */,
			);
			defaultConfigurationIsVisible = 0;
			defaultConfigurationName = Release;
		};
/* End XCConfigurationList section */
	};
	rootObject = 931FF4C22AE08C8A00540A4C /* Project object */;
}
